
Microsoft Visual Studio Solution File, Format Version 12.00
# Visual Studio 15
VisualStudioVersion = 15.0.27428.2043
MinimumVisualStudioVersion = 10.0.40219.1
Project("{FAE04EC0-301F-11D3-BF4B-00C04F79EFBC}") = "ChangeReturn", "ChangeReturn\ChangeReturn.csproj", "{D6DE706A-1B5D-40C2-B6AB-193AC1908EAA}"
EndProject
Global
	GlobalSection(SolutionConfigurationPlatforms) = preSolution
		Debug|Any CPU = Debug|Any CPU
		Release|Any CPU = Release|Any CPU
	EndGlobalSection
	GlobalSection(ProjectConfigurationPlatforms) = postSolution
		{D6DE706A-1B5D-40C2-B6AB-193AC1908EAA}.Debug|Any CPU.ActiveCfg = Debug|Any CPU
		{D6DE706A-1B5D-40C2-B6AB-193AC1908EAA}.Debug|Any CPU.Build.0 = Debug|Any CPU
		{D6DE706A-1B5D-40C2-B6AB-193AC1908EAA}.Release|Any CPU.ActiveCfg = Release|Any CPU
		{D6DE706A-1B5D-40C2-B6AB-193AC1908EAA}.Release|Any CPU.Build.0 = Release|Any CPU
	EndGlobalSection
	GlobalSection(SolutionProperties) = preSolution
		HideSolutionNode = FALSE
	EndGlobalSection
	GlobalSection(ExtensibilityGlobals) = postSolution
		SolutionGuid = {57F9DE70-3B22-45F0-94A2-6D374F7B6CD0}
	EndGlobalSection
EndGlobal
